
Microsoft Visual Studio Solution File, Format Version 12.00
# Visual Studio Version 17
VisualStudioVersion = 17.12.35707.178
MinimumVisualStudioVersion = 10.0.40219.1
Project("{FAE04EC0-301F-11D3-BF4B-00C04F79EFBC}") = "GD.RequestSystem.DAL", "GD.RequestSystem.DAL\GD.RequestSystem.DAL.csproj", "{B47E3D1A-E0B7-4247-90BA-28796A13C2AF}"
EndProject
Project("{FAE04EC0-301F-11D3-BF4B-00C04F79EFBC}") = "GD.RequestSystem.Entities", "GD.RequestSystem.Entities\GD.RequestSystem.Entities.csproj", "{E85B8D2F-D1BF-46E2-8055-2E59FC0AAB88}"
EndProject
Project("{FAE04EC0-301F-11D3-BF4B-00C04F79EFBC}") = "GD.RequestSystem.WebAPI", "GD.RequestSystem.WebAPI\GD.RequestSystem.WebAPI.csproj", "{E06B4D39-96DC-4D31-89F5-BE47E9D40234}"
EndProject
Global
	GlobalSection(SolutionConfigurationPlatforms) = preSolution
		Debug|Any CPU = Debug|Any CPU
		Release|Any CPU = Release|Any CPU
	EndGlobalSection
	GlobalSection(ProjectConfigurationPlatforms) = postSolution
		{B47E3D1A-E0B7-4247-90BA-28796A13C2AF}.Debug|Any CPU.ActiveCfg = Debug|Any CPU
		{B47E3D1A-E0B7-4247-90BA-28796A13C2AF}.Debug|Any CPU.Build.0 = Debug|Any CPU
		{B47E3D1A-E0B7-4247-90BA-28796A13C2AF}.Release|Any CPU.ActiveCfg = Release|Any CPU
		{B47E3D1A-E0B7-4247-90BA-28796A13C2AF}.Release|Any CPU.Build.0 = Release|Any CPU
		{E85B8D2F-D1BF-46E2-8055-2E59FC0AAB88}.Debug|Any CPU.ActiveCfg = Debug|Any CPU
		{E85B8D2F-D1BF-46E2-8055-2E59FC0AAB88}.Debug|Any CPU.Build.0 = Debug|Any CPU
		{E85B8D2F-D1BF-46E2-8055-2E59FC0AAB88}.Release|Any CPU.ActiveCfg = Release|Any CPU
		{E85B8D2F-D1BF-46E2-8055-2E59FC0AAB88}.Release|Any CPU.Build.0 = Release|Any CPU
		{E06B4D39-96DC-4D31-89F5-BE47E9D40234}.Debug|Any CPU.ActiveCfg = Debug|Any CPU
		{E06B4D39-96DC-4D31-89F5-BE47E9D40234}.Debug|Any CPU.Build.0 = Debug|Any CPU
		{E06B4D39-96DC-4D31-89F5-BE47E9D40234}.Release|Any CPU.ActiveCfg = Release|Any CPU
		{E06B4D39-96DC-4D31-89F5-BE47E9D40234}.Release|Any CPU.Build.0 = Release|Any CPU
	EndGlobalSection
	GlobalSection(SolutionProperties) = preSolution
		HideSolutionNode = FALSE
	EndGlobalSection
EndGlobal
